
Microsoft Visual Studio Solution File, Format Version 12.00
# Visual Studio 2012
Project("{FAE04EC0-301F-11D3-BF4B-00C04F79EFBC}") = "DemoBrowser2AppXamarin", "DemoBrowser2AppXamarin\DemoBrowser2AppXamarin.csproj", "{4B4741F7-BE5D-4B49-BE76-A715E8842FE2}"
EndProject
Project("{FAE04EC0-301F-11D3-BF4B-00C04F79EFBC}") = "Binding-converter-gson", "Binding-converter-gson\Binding-converter-gson.csproj", "{4D011460-69D2-4A9A-BB2C-1795AD41FB08}"
EndProject
Project("{FAE04EC0-301F-11D3-BF4B-00C04F79EFBC}") = "Binding-converter-scalars", "Binding-converter-scalars\Binding-converter-scalars.csproj", "{372E0581-0905-4E61-9FF8-02B522AF1668}"
EndProject
Project("{FAE04EC0-301F-11D3-BF4B-00C04F79EFBC}") = "Binding-dsl4xml", "Binding-dsl4xml\Binding-dsl4xml.csproj", "{1702AFD0-EC4C-429B-9281-A05A8C8D44EA}"
EndProject
Project("{FAE04EC0-301F-11D3-BF4B-00C04F79EFBC}") = "Binding-easypermissions", "Binding-easypermissions\Binding-easypermissions.csproj", "{3FA73F11-3568-4E7F-9AEE-7A72197C6953}"
EndProject
Project("{FAE04EC0-301F-11D3-BF4B-00C04F79EFBC}") = "Binding-PersistentCookieJar", "Binding-PersistentCookieJar\Binding-PersistentCookieJar.csproj", "{5639F594-DE29-4477-A30E-446F425AC63A}"
EndProject
Project("{FAE04EC0-301F-11D3-BF4B-00C04F79EFBC}") = "Binding-duktape-android", "Binding-duktape-android\Binding-duktape-android.csproj", "{10D6E25F-A7B5-49D7-94BC-4C9CD078D70B}"
EndProject
Project("{FAE04EC0-301F-11D3-BF4B-00C04F79EFBC}") = "Building-vault", "Building-vault\Building-vault.csproj", "{ABCD44AF-44F3-4875-A498-A671CB70E7F5}"
EndProject
Project("{FAE04EC0-301F-11D3-BF4B-00C04F79EFBC}") = "Binding-khenshin", "Binding-khenshin\Binding-khenshin.csproj", "{DE132B45-819E-40F2-9E60-FB6D52A9893F}"
EndProject
Project("{FAE04EC0-301F-11D3-BF4B-00C04F79EFBC}") = "Binding-picasso2-okhttp3-downloader", "Binding-picasso2-okhttp3-downloader\Binding-picasso2-okhttp3-downloader.csproj", "{915683A5-EB88-4DDC-8416-BA9AC23B3D9E}"
EndProject
Project("{FAE04EC0-301F-11D3-BF4B-00C04F79EFBC}") = "Binding-retrofit2", "Binding-retrofit2\Binding-retrofit2.csproj", "{68F9B79D-3EB4-487E-8818-6E45890BAB4C}"
EndProject
Project("{FAE04EC0-301F-11D3-BF4B-00C04F79EFBC}") = "Binding-okhttp3", "Binding-okhttp3\Binding-okhttp3.csproj", "{35333E68-FDAF-422D-B112-1EE7513522A8}"
EndProject
Project("{FAE04EC0-301F-11D3-BF4B-00C04F79EFBC}") = "Binding-picasso", "Binding-picasso\Binding-picasso.csproj", "{19033C5A-5B73-4E59-A94C-A114A4360C34}"
EndProject
Project("{FAE04EC0-301F-11D3-BF4B-00C04F79EFBC}") = "Binding-okhttp3-urlconnection", "Binding-okhttp3-urlconnection\Binding-okhttp3-urlconnection.csproj", "{430E9943-110D-4DE6-87BF-A5E6C183A9BC}"
EndProject
Global
	GlobalSection(SolutionConfigurationPlatforms) = preSolution
		Debug|Any CPU = Debug|Any CPU
		Release|Any CPU = Release|Any CPU
	EndGlobalSection
	GlobalSection(ProjectConfigurationPlatforms) = postSolution
		{4B4741F7-BE5D-4B49-BE76-A715E8842FE2}.Debug|Any CPU.ActiveCfg = Debug|Any CPU
		{4B4741F7-BE5D-4B49-BE76-A715E8842FE2}.Debug|Any CPU.Build.0 = Debug|Any CPU
		{4B4741F7-BE5D-4B49-BE76-A715E8842FE2}.Release|Any CPU.ActiveCfg = Release|Any CPU
		{4B4741F7-BE5D-4B49-BE76-A715E8842FE2}.Release|Any CPU.Build.0 = Release|Any CPU
		{4D011460-69D2-4A9A-BB2C-1795AD41FB08}.Debug|Any CPU.ActiveCfg = Debug|Any CPU
		{4D011460-69D2-4A9A-BB2C-1795AD41FB08}.Debug|Any CPU.Build.0 = Debug|Any CPU
		{4D011460-69D2-4A9A-BB2C-1795AD41FB08}.Release|Any CPU.ActiveCfg = Release|Any CPU
		{4D011460-69D2-4A9A-BB2C-1795AD41FB08}.Release|Any CPU.Build.0 = Release|Any CPU
		{372E0581-0905-4E61-9FF8-02B522AF1668}.Debug|Any CPU.ActiveCfg = Debug|Any CPU
		{372E0581-0905-4E61-9FF8-02B522AF1668}.Debug|Any CPU.Build.0 = Debug|Any CPU
		{372E0581-0905-4E61-9FF8-02B522AF1668}.Release|Any CPU.ActiveCfg = Release|Any CPU
		{372E0581-0905-4E61-9FF8-02B522AF1668}.Release|Any CPU.Build.0 = Release|Any CPU
		{1702AFD0-EC4C-429B-9281-A05A8C8D44EA}.Debug|Any CPU.ActiveCfg = Debug|Any CPU
		{1702AFD0-EC4C-429B-9281-A05A8C8D44EA}.Debug|Any CPU.Build.0 = Debug|Any CPU
		{1702AFD0-EC4C-429B-9281-A05A8C8D44EA}.Release|Any CPU.ActiveCfg = Release|Any CPU
		{1702AFD0-EC4C-429B-9281-A05A8C8D44EA}.Release|Any CPU.Build.0 = Release|Any CPU
		{3FA73F11-3568-4E7F-9AEE-7A72197C6953}.Debug|Any CPU.ActiveCfg = Debug|Any CPU
		{3FA73F11-3568-4E7F-9AEE-7A72197C6953}.Debug|Any CPU.Build.0 = Debug|Any CPU
		{3FA73F11-3568-4E7F-9AEE-7A72197C6953}.Release|Any CPU.ActiveCfg = Release|Any CPU
		{3FA73F11-3568-4E7F-9AEE-7A72197C6953}.Release|Any CPU.Build.0 = Release|Any CPU
		{5639F594-DE29-4477-A30E-446F425AC63A}.Debug|Any CPU.ActiveCfg = Debug|Any CPU
		{5639F594-DE29-4477-A30E-446F425AC63A}.Debug|Any CPU.Build.0 = Debug|Any CPU
		{5639F594-DE29-4477-A30E-446F425AC63A}.Release|Any CPU.ActiveCfg = Release|Any CPU
		{5639F594-DE29-4477-A30E-446F425AC63A}.Release|Any CPU.Build.0 = Release|Any CPU
		{10D6E25F-A7B5-49D7-94BC-4C9CD078D70B}.Debug|Any CPU.ActiveCfg = Debug|Any CPU
		{10D6E25F-A7B5-49D7-94BC-4C9CD078D70B}.Debug|Any CPU.Build.0 = Debug|Any CPU
		{10D6E25F-A7B5-49D7-94BC-4C9CD078D70B}.Release|Any CPU.ActiveCfg = Release|Any CPU
		{10D6E25F-A7B5-49D7-94BC-4C9CD078D70B}.Release|Any CPU.Build.0 = Release|Any CPU
		{ABCD44AF-44F3-4875-A498-A671CB70E7F5}.Debug|Any CPU.ActiveCfg = Debug|Any CPU
		{ABCD44AF-44F3-4875-A498-A671CB70E7F5}.Debug|Any CPU.Build.0 = Debug|Any CPU
		{ABCD44AF-44F3-4875-A498-A671CB70E7F5}.Release|Any CPU.ActiveCfg = Release|Any CPU
		{ABCD44AF-44F3-4875-A498-A671CB70E7F5}.Release|Any CPU.Build.0 = Release|Any CPU
		{DE132B45-819E-40F2-9E60-FB6D52A9893F}.Debug|Any CPU.ActiveCfg = Debug|Any CPU
		{DE132B45-819E-40F2-9E60-FB6D52A9893F}.Debug|Any CPU.Build.0 = Debug|Any CPU
		{DE132B45-819E-40F2-9E60-FB6D52A9893F}.Release|Any CPU.ActiveCfg = Release|Any CPU
		{DE132B45-819E-40F2-9E60-FB6D52A9893F}.Release|Any CPU.Build.0 = Release|Any CPU
		{915683A5-EB88-4DDC-8416-BA9AC23B3D9E}.Debug|Any CPU.ActiveCfg = Debug|Any CPU
		{915683A5-EB88-4DDC-8416-BA9AC23B3D9E}.Debug|Any CPU.Build.0 = Debug|Any CPU
		{915683A5-EB88-4DDC-8416-BA9AC23B3D9E}.Release|Any CPU.ActiveCfg = Release|Any CPU
		{915683A5-EB88-4DDC-8416-BA9AC23B3D9E}.Release|Any CPU.Build.0 = Release|Any CPU
		{68F9B79D-3EB4-487E-8818-6E45890BAB4C}.Debug|Any CPU.ActiveCfg = Debug|Any CPU
		{68F9B79D-3EB4-487E-8818-6E45890BAB4C}.Debug|Any CPU.Build.0 = Debug|Any CPU
		{68F9B79D-3EB4-487E-8818-6E45890BAB4C}.Release|Any CPU.ActiveCfg = Release|Any CPU
		{68F9B79D-3EB4-487E-8818-6E45890BAB4C}.Release|Any CPU.Build.0 = Release|Any CPU
		{35333E68-FDAF-422D-B112-1EE7513522A8}.Debug|Any CPU.ActiveCfg = Debug|Any CPU
		{35333E68-FDAF-422D-B112-1EE7513522A8}.Debug|Any CPU.Build.0 = Debug|Any CPU
		{35333E68-FDAF-422D-B112-1EE7513522A8}.Release|Any CPU.ActiveCfg = Release|Any CPU
		{35333E68-FDAF-422D-B112-1EE7513522A8}.Release|Any CPU.Build.0 = Release|Any CPU
		{19033C5A-5B73-4E59-A94C-A114A4360C34}.Debug|Any CPU.ActiveCfg = Debug|Any CPU
		{19033C5A-5B73-4E59-A94C-A114A4360C34}.Debug|Any CPU.Build.0 = Debug|Any CPU
		{19033C5A-5B73-4E59-A94C-A114A4360C34}.Release|Any CPU.ActiveCfg = Release|Any CPU
		{19033C5A-5B73-4E59-A94C-A114A4360C34}.Release|Any CPU.Build.0 = Release|Any CPU
		{430E9943-110D-4DE6-87BF-A5E6C183A9BC}.Debug|Any CPU.ActiveCfg = Debug|Any CPU
		{430E9943-110D-4DE6-87BF-A5E6C183A9BC}.Debug|Any CPU.Build.0 = Debug|Any CPU
		{430E9943-110D-4DE6-87BF-A5E6C183A9BC}.Release|Any CPU.ActiveCfg = Release|Any CPU
		{430E9943-110D-4DE6-87BF-A5E6C183A9BC}.Release|Any CPU.Build.0 = Release|Any CPU
	EndGlobalSection
EndGlobal
